
Microsoft Visual Studio Solution File, Format Version 12.00
# Visual Studio 15
VisualStudioVersion = 15.0.27428.2037
MinimumVisualStudioVersion = 10.0.40219.1
Project("{FAE04EC0-301F-11D3-BF4B-00C04F79EFBC}") = "CarWebSystem", "CarWebSystem\CarWebSystem.csproj", "{AFDB8513-77C2-4131-8CF0-EDA19FE14715}"
EndProject
Global
	GlobalSection(SolutionConfigurationPlatforms) = preSolution
		Debug|Any CPU = Debug|Any CPU
		Release|Any CPU = Release|Any CPU
	EndGlobalSection
	GlobalSection(ProjectConfigurationPlatforms) = postSolution
		{AFDB8513-77C2-4131-8CF0-EDA19FE14715}.Debug|Any CPU.ActiveCfg = Debug|Any CPU
		{AFDB8513-77C2-4131-8CF0-EDA19FE14715}.Debug|Any CPU.Build.0 = Debug|Any CPU
		{AFDB8513-77C2-4131-8CF0-EDA19FE14715}.Release|Any CPU.ActiveCfg = Release|Any CPU
		{AFDB8513-77C2-4131-8CF0-EDA19FE14715}.Release|Any CPU.Build.0 = Release|Any CPU
	EndGlobalSection
	GlobalSection(SolutionProperties) = preSolution
		HideSolutionNode = FALSE
	EndGlobalSection
	GlobalSection(ExtensibilityGlobals) = postSolution
		SolutionGuid = {EBDEB0A5-EBE7-42A5-AA5B-9D04EAB68708}
	EndGlobalSection
EndGlobal
